
Microsoft Visual Studio Solution File, Format Version 12.00
# Visual Studio Version 17
VisualStudioVersion = 17.4.33213.308
MinimumVisualStudioVersion = 10.0.40219.1
Project("{FAE04EC0-301F-11D3-BF4B-00C04F79EFBC}") = "CSV-Viewer", "CSV-Viewer\CSV-Viewer.csproj", "{9A996FF1-34FB-4379-A064-F208936A1299}"
EndProject
Global
	GlobalSection(SolutionConfigurationPlatforms) = preSolution
		Debug|Any CPU = Debug|Any CPU
		Release|Any CPU = Release|Any CPU
	EndGlobalSection
	GlobalSection(ProjectConfigurationPlatforms) = postSolution
		{9A996FF1-34FB-4379-A064-F208936A1299}.Debug|Any CPU.ActiveCfg = Debug|Any CPU
		{9A996FF1-34FB-4379-A064-F208936A1299}.Debug|Any CPU.Build.0 = Debug|Any CPU
		{9A996FF1-34FB-4379-A064-F208936A1299}.Release|Any CPU.ActiveCfg = Release|Any CPU
		{9A996FF1-34FB-4379-A064-F208936A1299}.Release|Any CPU.Build.0 = Release|Any CPU
	EndGlobalSection
	GlobalSection(SolutionProperties) = preSolution
		HideSolutionNode = FALSE
	EndGlobalSection
	GlobalSection(ExtensibilityGlobals) = postSolution
		SolutionGuid = {6A5A11C2-8D7A-4CD6-B450-D802DE0286A2}
	EndGlobalSection
EndGlobal
