
Microsoft Visual Studio Solution File, Format Version 12.00
# Visual Studio Version 17
VisualStudioVersion = 17.3.32819.101
MinimumVisualStudioVersion = 10.0.40219.1
Project("{8BC9CEB8-8B4A-11D0-8D11-00A0C91BC942}") = "Sample06", "Sample06\Sample06.vcxproj", "{B47441D2-9C26-42B5-AC72-2793434E7934}"
EndProject
Global
	GlobalSection(SolutionConfigurationPlatforms) = preSolution
		Debug|x64 = Debug|x64
		Debug|x86 = Debug|x86
		Release|x64 = Release|x64
		Release|x86 = Release|x86
	EndGlobalSection
	GlobalSection(ProjectConfigurationPlatforms) = postSolution
		{B47441D2-9C26-42B5-AC72-2793434E7934}.Debug|x64.ActiveCfg = Debug|x64
		{B47441D2-9C26-42B5-AC72-2793434E7934}.Debug|x64.Build.0 = Debug|x64
		{B47441D2-9C26-42B5-AC72-2793434E7934}.Debug|x86.ActiveCfg = Debug|Win32
		{B47441D2-9C26-42B5-AC72-2793434E7934}.Debug|x86.Build.0 = Debug|Win32
		{B47441D2-9C26-42B5-AC72-2793434E7934}.Release|x64.ActiveCfg = Release|x64
		{B47441D2-9C26-42B5-AC72-2793434E7934}.Release|x64.Build.0 = Release|x64
		{B47441D2-9C26-42B5-AC72-2793434E7934}.Release|x86.ActiveCfg = Release|Win32
		{B47441D2-9C26-42B5-AC72-2793434E7934}.Release|x86.Build.0 = Release|Win32
	EndGlobalSection
	GlobalSection(SolutionProperties) = preSolution
		HideSolutionNode = FALSE
	EndGlobalSection
	GlobalSection(ExtensibilityGlobals) = postSolution
		SolutionGuid = {0F2FB8AF-F60F-485E-8696-70F3C1D3C327}
	EndGlobalSection
EndGlobal
